
Microsoft Visual Studio Solution File, Format Version 12.00
# Visual Studio Version 17
VisualStudioVersion = 17.0.32014.148
MinimumVisualStudioVersion = 10.0.40219.1
Project("{9A19103F-16F7-4668-BE54-9A1E7A4F7556}") = "BlazorApp1.Server", "Server\BlazorApp1.Server.csproj", "{DC952E13-487A-43E4-A9AA-7A446AC8E2BD}"
EndProject
Project("{9A19103F-16F7-4668-BE54-9A1E7A4F7556}") = "BlazorApp1.Client", "Client\BlazorApp1.Client.csproj", "{6AE89BA8-1CFC-4717-A8D3-71FF72D7B101}"
EndProject
Project("{9A19103F-16F7-4668-BE54-9A1E7A4F7556}") = "BlazorApp1.Shared", "Shared\BlazorApp1.Shared.csproj", "{3D2D9565-6399-414B-B088-C9E721847E63}"
EndProject
Global
	GlobalSection(SolutionConfigurationPlatforms) = preSolution
		Debug|Any CPU = Debug|Any CPU
		Release|Any CPU = Release|Any CPU
	EndGlobalSection
	GlobalSection(ProjectConfigurationPlatforms) = postSolution
		{DC952E13-487A-43E4-A9AA-7A446AC8E2BD}.Debug|Any CPU.ActiveCfg = Debug|Any CPU
		{DC952E13-487A-43E4-A9AA-7A446AC8E2BD}.Debug|Any CPU.Build.0 = Debug|Any CPU
		{DC952E13-487A-43E4-A9AA-7A446AC8E2BD}.Release|Any CPU.ActiveCfg = Release|Any CPU
		{DC952E13-487A-43E4-A9AA-7A446AC8E2BD}.Release|Any CPU.Build.0 = Release|Any CPU
		{6AE89BA8-1CFC-4717-A8D3-71FF72D7B101}.Debug|Any CPU.ActiveCfg = Debug|Any CPU
		{6AE89BA8-1CFC-4717-A8D3-71FF72D7B101}.Debug|Any CPU.Build.0 = Debug|Any CPU
		{6AE89BA8-1CFC-4717-A8D3-71FF72D7B101}.Release|Any CPU.ActiveCfg = Release|Any CPU
		{6AE89BA8-1CFC-4717-A8D3-71FF72D7B101}.Release|Any CPU.Build.0 = Release|Any CPU
		{3D2D9565-6399-414B-B088-C9E721847E63}.Debug|Any CPU.ActiveCfg = Debug|Any CPU
		{3D2D9565-6399-414B-B088-C9E721847E63}.Debug|Any CPU.Build.0 = Debug|Any CPU
		{3D2D9565-6399-414B-B088-C9E721847E63}.Release|Any CPU.ActiveCfg = Release|Any CPU
		{3D2D9565-6399-414B-B088-C9E721847E63}.Release|Any CPU.Build.0 = Release|Any CPU
	EndGlobalSection
	GlobalSection(SolutionProperties) = preSolution
		HideSolutionNode = FALSE
	EndGlobalSection
	GlobalSection(ExtensibilityGlobals) = postSolution
		SolutionGuid = {FC707DD8-3302-4129-A851-7AB41E50E73C}
	EndGlobalSection
EndGlobal
